
Microsoft Visual Studio Solution File, Format Version 12.00
# Visual Studio 2013
VisualStudioVersion = 12.0.31101.0
MinimumVisualStudioVersion = 10.0.40219.1
Project("{2150E333-8FDC-42A3-9474-1A3956D46DE8}") = "Lecture 03", "Lecture 03", "{5A3B84DD-2B7A-47DE-8BA9-28FAC65E5725}"
EndProject
Project("{FAE04EC0-301F-11D3-BF4B-00C04F79EFBC}") = "CSLib", "Lecture 03\CSLib\CSLib.csproj", "{0BE1DD62-BFB4-4298-A476-612371E00AA0}"
EndProject
Project("{FAE04EC0-301F-11D3-BF4B-00C04F79EFBC}") = "Demo", "Lecture 03\Demo\Demo.csproj", "{AD697178-4DD7-485E-9F82-9A894D619377}"
EndProject
Project("{F184B08F-C81C-45F6-A57F-5ABD9991F28F}") = "VB", "Lecture 03\VB\VB.vbproj", "{81098E61-8E24-4189-A001-7FC5125CA927}"
EndProject
Project("{2150E333-8FDC-42A3-9474-1A3956D46DE8}") = "Lecture 04", "Lecture 04", "{A28669E1-F48F-4FE1-9F98-53853DE23F93}"
EndProject
Project("{FAE04EC0-301F-11D3-BF4B-00C04F79EFBC}") = "First Console App", "Lecture 04\First Console App\First Console App.csproj", "{B155A57E-BDB5-4D8D-BAB5-D08BE979B27D}"
EndProject
Project("{2150E333-8FDC-42A3-9474-1A3956D46DE8}") = "Lecture 05", "Lecture 05", "{E862876A-A523-4010-8DC4-F3714734EBFA}"
EndProject
Project("{FAE04EC0-301F-11D3-BF4B-00C04F79EFBC}") = "FirstWindowsForm", "Lecture 05\FirstWindowsForm\FirstWindowsForm.csproj", "{0A2E1D55-5F69-4196-8E92-CA6D0ED35D0E}"
EndProject
Project("{2150E333-8FDC-42A3-9474-1A3956D46DE8}") = "Lecture 06", "Lecture 06", "{F0A25A2F-3D04-47D1-90BE-6645D598C7F1}"
EndProject
Project("{FAE04EC0-301F-11D3-BF4B-00C04F79EFBC}") = "BasicCalculator", "Lecture 06\BasicCalculator\BasicCalculator.csproj", "{5A2409F5-7905-4671-85BE-AEDF93C5D7FE}"
EndProject
Project("{2150E333-8FDC-42A3-9474-1A3956D46DE8}") = "Lecture 07", "Lecture 07", "{96B1876C-8967-49B5-BC7D-9BE5D591B4C8}"
EndProject
Project("{FAE04EC0-301F-11D3-BF4B-00C04F79EFBC}") = "Lecture 07", "Lecture 07\Lecture 07\Lecture 07.csproj", "{E85E4CDB-9C7F-464A-919B-341A6D90B2AE}"
EndProject
Project("{2150E333-8FDC-42A3-9474-1A3956D46DE8}") = "Lecture 08-11", "Lecture 08-11", "{A6F47B85-C136-4087-A761-92661BED188B}"
EndProject
Project("{FAE04EC0-301F-11D3-BF4B-00C04F79EFBC}") = "OOP-Inheritance", "Lecture 08-11\OOP-Inheritance\OOP-Inheritance.csproj", "{68709BE9-9612-406B-88C3-CC452C8BE048}"
EndProject
Project("{2150E333-8FDC-42A3-9474-1A3956D46DE8}") = "Lecture 12-15", "Lecture 12-15", "{D4CF591F-553D-4278-AEE6-C92CA4727940}"
EndProject
Project("{FAE04EC0-301F-11D3-BF4B-00C04F79EFBC}") = "Exceptions", "Lecture 12-15\Exceptions\Exceptions.csproj", "{8DC015A0-CB21-4972-9497-2E844D8B597C}"
EndProject
Project("{FAE04EC0-301F-11D3-BF4B-00C04F79EFBC}") = "Polymorphism", "Lecture 08-11\Polymorphism\Polymorphism.csproj", "{268D5B9A-3030-4971-9C2B-CBEF8354A8C6}"
EndProject
Project("{FAE04EC0-301F-11D3-BF4B-00C04F79EFBC}") = "StudentsLibrary", "Lecture 12-15\StudentsLibrary\StudentsLibrary.csproj", "{219B9DD3-04C2-432F-A615-66791FC78C24}"
EndProject
Project("{2150E333-8FDC-42A3-9474-1A3956D46DE8}") = "Lecture 16", "Lecture 16", "{7FEA5862-B562-46F6-A6DD-A4CD7F71E0C9}"
EndProject
Project("{FAE04EC0-301F-11D3-BF4B-00C04F79EFBC}") = "FirstWPF", "Lecture 12-15\FirstWPF\FirstWPF.csproj", "{D65B85E4-C56D-44A0-B71D-F8B075C1A442}"
EndProject
Project("{FAE04EC0-301F-11D3-BF4B-00C04F79EFBC}") = "WPFModelBinding", "Lecture 16\WPFModelBinding\WPFModelBinding.csproj", "{C006427F-6CB0-4834-8DD9-5EB3B914862F}"
EndProject
Project("{2150E333-8FDC-42A3-9474-1A3956D46DE8}") = "Labs", "Labs", "{8E2FB636-BC48-45C2-BF61-D6B7AB4EA6BB}"
EndProject
Project("{2150E333-8FDC-42A3-9474-1A3956D46DE8}") = "Lab01", "Lab01", "{FAAB3EA8-7B72-47A7-95F0-23CB1DC9A44F}"
	ProjectSection(SolutionItems) = preProject
		Labs\Lab01\Lab 01.pdf = Labs\Lab01\Lab 01.pdf
	EndProjectSection
EndProject
Project("{FAE04EC0-301F-11D3-BF4B-00C04F79EFBC}") = "Mission01", "Labs\Lab01\Mission01\Mission01.csproj", "{331BFF5B-210E-4197-9B24-A42A52253677}"
EndProject
Project("{FAE04EC0-301F-11D3-BF4B-00C04F79EFBC}") = "Mission02", "Labs\Lab01\Mission02\Mission02.csproj", "{49741E1F-4B5B-45F3-A603-362B87DD5DAD}"
EndProject
Project("{FAE04EC0-301F-11D3-BF4B-00C04F79EFBC}") = "Mission03", "Labs\Lab01\Mission03\Mission03.csproj", "{2E53869F-11FE-4E19-8207-8E359B61D720}"
EndProject
Project("{2150E333-8FDC-42A3-9474-1A3956D46DE8}") = "Lecture 21", "Lecture 21", "{ABD962F7-07BE-4BF9-8565-8D05442A0465}"
EndProject
Project("{FAE04EC0-301F-11D3-BF4B-00C04F79EFBC}") = "GarbageCollector", "Lecture 21\GarbageCollector\GarbageCollector.csproj", "{9E707C90-4AD5-474C-8061-4C4C623520B8}"
EndProject
Project("{FAE04EC0-301F-11D3-BF4B-00C04F79EFBC}") = "Reflection", "Lecture 21\Reflection\Reflection.csproj", "{32827B1B-4A83-4E4F-8BA7-FA994A76DD76}"
EndProject
Project("{2150E333-8FDC-42A3-9474-1A3956D46DE8}") = "Lecture 22", "Lecture 22", "{1E6644FE-4EE1-44F6-A712-1AB0242619EE}"
EndProject
Project("{FAE04EC0-301F-11D3-BF4B-00C04F79EFBC}") = "Generics", "Lecture 22\Generics\Generics.csproj", "{36F677C2-981C-43BC-96A8-6545B686415E}"
EndProject
Project("{FAE04EC0-301F-11D3-BF4B-00C04F79EFBC}") = "FileSystem", "Lecture 22\FileSystem\FileSystem.csproj", "{B750000F-A60F-4401-B8FE-43C79586E271}"
EndProject
Project("{FAE04EC0-301F-11D3-BF4B-00C04F79EFBC}") = "WebServices", "Lecture 22\WebServices\WebServices.csproj", "{3FD8A0CF-40C8-4CDC-82FF-D8248A373BE5}"
EndProject
Global
	GlobalSection(SolutionConfigurationPlatforms) = preSolution
		Debug|Any CPU = Debug|Any CPU
		Release|Any CPU = Release|Any CPU
	EndGlobalSection
	GlobalSection(ProjectConfigurationPlatforms) = postSolution
		{0BE1DD62-BFB4-4298-A476-612371E00AA0}.Debug|Any CPU.ActiveCfg = Debug|Any CPU
		{0BE1DD62-BFB4-4298-A476-612371E00AA0}.Debug|Any CPU.Build.0 = Debug|Any CPU
		{0BE1DD62-BFB4-4298-A476-612371E00AA0}.Release|Any CPU.ActiveCfg = Release|Any CPU
		{0BE1DD62-BFB4-4298-A476-612371E00AA0}.Release|Any CPU.Build.0 = Release|Any CPU
		{AD697178-4DD7-485E-9F82-9A894D619377}.Debug|Any CPU.ActiveCfg = Debug|Any CPU
		{AD697178-4DD7-485E-9F82-9A894D619377}.Debug|Any CPU.Build.0 = Debug|Any CPU
		{AD697178-4DD7-485E-9F82-9A894D619377}.Release|Any CPU.ActiveCfg = Release|Any CPU
		{AD697178-4DD7-485E-9F82-9A894D619377}.Release|Any CPU.Build.0 = Release|Any CPU
		{81098E61-8E24-4189-A001-7FC5125CA927}.Debug|Any CPU.ActiveCfg = Debug|Any CPU
		{81098E61-8E24-4189-A001-7FC5125CA927}.Debug|Any CPU.Build.0 = Debug|Any CPU
		{81098E61-8E24-4189-A001-7FC5125CA927}.Release|Any CPU.ActiveCfg = Release|Any CPU
		{81098E61-8E24-4189-A001-7FC5125CA927}.Release|Any CPU.Build.0 = Release|Any CPU
		{B155A57E-BDB5-4D8D-BAB5-D08BE979B27D}.Debug|Any CPU.ActiveCfg = Debug|Any CPU
		{B155A57E-BDB5-4D8D-BAB5-D08BE979B27D}.Debug|Any CPU.Build.0 = Debug|Any CPU
		{B155A57E-BDB5-4D8D-BAB5-D08BE979B27D}.Release|Any CPU.ActiveCfg = Release|Any CPU
		{B155A57E-BDB5-4D8D-BAB5-D08BE979B27D}.Release|Any CPU.Build.0 = Release|Any CPU
		{0A2E1D55-5F69-4196-8E92-CA6D0ED35D0E}.Debug|Any CPU.ActiveCfg = Debug|Any CPU
		{0A2E1D55-5F69-4196-8E92-CA6D0ED35D0E}.Debug|Any CPU.Build.0 = Debug|Any CPU
		{0A2E1D55-5F69-4196-8E92-CA6D0ED35D0E}.Release|Any CPU.ActiveCfg = Release|Any CPU
		{0A2E1D55-5F69-4196-8E92-CA6D0ED35D0E}.Release|Any CPU.Build.0 = Release|Any CPU
		{5A2409F5-7905-4671-85BE-AEDF93C5D7FE}.Debug|Any CPU.ActiveCfg = Debug|Any CPU
		{5A2409F5-7905-4671-85BE-AEDF93C5D7FE}.Debug|Any CPU.Build.0 = Debug|Any CPU
		{5A2409F5-7905-4671-85BE-AEDF93C5D7FE}.Release|Any CPU.ActiveCfg = Release|Any CPU
		{5A2409F5-7905-4671-85BE-AEDF93C5D7FE}.Release|Any CPU.Build.0 = Release|Any CPU
		{E85E4CDB-9C7F-464A-919B-341A6D90B2AE}.Debug|Any CPU.ActiveCfg = Debug|Any CPU
		{E85E4CDB-9C7F-464A-919B-341A6D90B2AE}.Debug|Any CPU.Build.0 = Debug|Any CPU
		{E85E4CDB-9C7F-464A-919B-341A6D90B2AE}.Release|Any CPU.ActiveCfg = Release|Any CPU
		{E85E4CDB-9C7F-464A-919B-341A6D90B2AE}.Release|Any CPU.Build.0 = Release|Any CPU
		{68709BE9-9612-406B-88C3-CC452C8BE048}.Debug|Any CPU.ActiveCfg = Debug|Any CPU
		{68709BE9-9612-406B-88C3-CC452C8BE048}.Debug|Any CPU.Build.0 = Debug|Any CPU
		{68709BE9-9612-406B-88C3-CC452C8BE048}.Release|Any CPU.ActiveCfg = Release|Any CPU
		{68709BE9-9612-406B-88C3-CC452C8BE048}.Release|Any CPU.Build.0 = Release|Any CPU
		{8DC015A0-CB21-4972-9497-2E844D8B597C}.Debug|Any CPU.ActiveCfg = Debug|Any CPU
		{8DC015A0-CB21-4972-9497-2E844D8B597C}.Debug|Any CPU.Build.0 = Debug|Any CPU
		{8DC015A0-CB21-4972-9497-2E844D8B597C}.Release|Any CPU.ActiveCfg = Release|Any CPU
		{8DC015A0-CB21-4972-9497-2E844D8B597C}.Release|Any CPU.Build.0 = Release|Any CPU
		{268D5B9A-3030-4971-9C2B-CBEF8354A8C6}.Debug|Any CPU.ActiveCfg = Debug|Any CPU
		{268D5B9A-3030-4971-9C2B-CBEF8354A8C6}.Debug|Any CPU.Build.0 = Debug|Any CPU
		{268D5B9A-3030-4971-9C2B-CBEF8354A8C6}.Release|Any CPU.ActiveCfg = Release|Any CPU
		{268D5B9A-3030-4971-9C2B-CBEF8354A8C6}.Release|Any CPU.Build.0 = Release|Any CPU
		{219B9DD3-04C2-432F-A615-66791FC78C24}.Debug|Any CPU.ActiveCfg = Debug|Any CPU
		{219B9DD3-04C2-432F-A615-66791FC78C24}.Debug|Any CPU.Build.0 = Debug|Any CPU
		{219B9DD3-04C2-432F-A615-66791FC78C24}.Release|Any CPU.ActiveCfg = Release|Any CPU
		{219B9DD3-04C2-432F-A615-66791FC78C24}.Release|Any CPU.Build.0 = Release|Any CPU
		{D65B85E4-C56D-44A0-B71D-F8B075C1A442}.Debug|Any CPU.ActiveCfg = Debug|Any CPU
		{D65B85E4-C56D-44A0-B71D-F8B075C1A442}.Debug|Any CPU.Build.0 = Debug|Any CPU
		{D65B85E4-C56D-44A0-B71D-F8B075C1A442}.Release|Any CPU.ActiveCfg = Release|Any CPU
		{D65B85E4-C56D-44A0-B71D-F8B075C1A442}.Release|Any CPU.Build.0 = Release|Any CPU
		{C006427F-6CB0-4834-8DD9-5EB3B914862F}.Debug|Any CPU.ActiveCfg = Debug|Any CPU
		{C006427F-6CB0-4834-8DD9-5EB3B914862F}.Debug|Any CPU.Build.0 = Debug|Any CPU
		{C006427F-6CB0-4834-8DD9-5EB3B914862F}.Release|Any CPU.ActiveCfg = Release|Any CPU
		{C006427F-6CB0-4834-8DD9-5EB3B914862F}.Release|Any CPU.Build.0 = Release|Any CPU
		{331BFF5B-210E-4197-9B24-A42A52253677}.Debug|Any CPU.ActiveCfg = Debug|Any CPU
		{331BFF5B-210E-4197-9B24-A42A52253677}.Debug|Any CPU.Build.0 = Debug|Any CPU
		{331BFF5B-210E-4197-9B24-A42A52253677}.Release|Any CPU.ActiveCfg = Release|Any CPU
		{331BFF5B-210E-4197-9B24-A42A52253677}.Release|Any CPU.Build.0 = Release|Any CPU
		{49741E1F-4B5B-45F3-A603-362B87DD5DAD}.Debug|Any CPU.ActiveCfg = Debug|Any CPU
		{49741E1F-4B5B-45F3-A603-362B87DD5DAD}.Debug|Any CPU.Build.0 = Debug|Any CPU
		{49741E1F-4B5B-45F3-A603-362B87DD5DAD}.Release|Any CPU.ActiveCfg = Release|Any CPU
		{49741E1F-4B5B-45F3-A603-362B87DD5DAD}.Release|Any CPU.Build.0 = Release|Any CPU
		{2E53869F-11FE-4E19-8207-8E359B61D720}.Debug|Any CPU.ActiveCfg = Debug|Any CPU
		{2E53869F-11FE-4E19-8207-8E359B61D720}.Debug|Any CPU.Build.0 = Debug|Any CPU
		{2E53869F-11FE-4E19-8207-8E359B61D720}.Release|Any CPU.ActiveCfg = Release|Any CPU
		{2E53869F-11FE-4E19-8207-8E359B61D720}.Release|Any CPU.Build.0 = Release|Any CPU
		{9E707C90-4AD5-474C-8061-4C4C623520B8}.Debug|Any CPU.ActiveCfg = Debug|Any CPU
		{9E707C90-4AD5-474C-8061-4C4C623520B8}.Debug|Any CPU.Build.0 = Debug|Any CPU
		{9E707C90-4AD5-474C-8061-4C4C623520B8}.Release|Any CPU.ActiveCfg = Release|Any CPU
		{9E707C90-4AD5-474C-8061-4C4C623520B8}.Release|Any CPU.Build.0 = Release|Any CPU
		{32827B1B-4A83-4E4F-8BA7-FA994A76DD76}.Debug|Any CPU.ActiveCfg = Debug|Any CPU
		{32827B1B-4A83-4E4F-8BA7-FA994A76DD76}.Debug|Any CPU.Build.0 = Debug|Any CPU
		{32827B1B-4A83-4E4F-8BA7-FA994A76DD76}.Release|Any CPU.ActiveCfg = Release|Any CPU
		{32827B1B-4A83-4E4F-8BA7-FA994A76DD76}.Release|Any CPU.Build.0 = Release|Any CPU
		{36F677C2-981C-43BC-96A8-6545B686415E}.Debug|Any CPU.ActiveCfg = Debug|Any CPU
		{36F677C2-981C-43BC-96A8-6545B686415E}.Debug|Any CPU.Build.0 = Debug|Any CPU
		{36F677C2-981C-43BC-96A8-6545B686415E}.Release|Any CPU.ActiveCfg = Release|Any CPU
		{36F677C2-981C-43BC-96A8-6545B686415E}.Release|Any CPU.Build.0 = Release|Any CPU
		{B750000F-A60F-4401-B8FE-43C79586E271}.Debug|Any CPU.ActiveCfg = Debug|Any CPU
		{B750000F-A60F-4401-B8FE-43C79586E271}.Debug|Any CPU.Build.0 = Debug|Any CPU
		{B750000F-A60F-4401-B8FE-43C79586E271}.Release|Any CPU.ActiveCfg = Release|Any CPU
		{B750000F-A60F-4401-B8FE-43C79586E271}.Release|Any CPU.Build.0 = Release|Any CPU
		{3FD8A0CF-40C8-4CDC-82FF-D8248A373BE5}.Debug|Any CPU.ActiveCfg = Debug|Any CPU
		{3FD8A0CF-40C8-4CDC-82FF-D8248A373BE5}.Debug|Any CPU.Build.0 = Debug|Any CPU
		{3FD8A0CF-40C8-4CDC-82FF-D8248A373BE5}.Release|Any CPU.ActiveCfg = Release|Any CPU
		{3FD8A0CF-40C8-4CDC-82FF-D8248A373BE5}.Release|Any CPU.Build.0 = Release|Any CPU
	EndGlobalSection
	GlobalSection(SolutionProperties) = preSolution
		HideSolutionNode = FALSE
	EndGlobalSection
	GlobalSection(NestedProjects) = preSolution
		{0BE1DD62-BFB4-4298-A476-612371E00AA0} = {5A3B84DD-2B7A-47DE-8BA9-28FAC65E5725}
		{AD697178-4DD7-485E-9F82-9A894D619377} = {5A3B84DD-2B7A-47DE-8BA9-28FAC65E5725}
		{81098E61-8E24-4189-A001-7FC5125CA927} = {5A3B84DD-2B7A-47DE-8BA9-28FAC65E5725}
		{B155A57E-BDB5-4D8D-BAB5-D08BE979B27D} = {A28669E1-F48F-4FE1-9F98-53853DE23F93}
		{0A2E1D55-5F69-4196-8E92-CA6D0ED35D0E} = {E862876A-A523-4010-8DC4-F3714734EBFA}
		{5A2409F5-7905-4671-85BE-AEDF93C5D7FE} = {F0A25A2F-3D04-47D1-90BE-6645D598C7F1}
		{E85E4CDB-9C7F-464A-919B-341A6D90B2AE} = {96B1876C-8967-49B5-BC7D-9BE5D591B4C8}
		{68709BE9-9612-406B-88C3-CC452C8BE048} = {A6F47B85-C136-4087-A761-92661BED188B}
		{8DC015A0-CB21-4972-9497-2E844D8B597C} = {D4CF591F-553D-4278-AEE6-C92CA4727940}
		{268D5B9A-3030-4971-9C2B-CBEF8354A8C6} = {A6F47B85-C136-4087-A761-92661BED188B}
		{219B9DD3-04C2-432F-A615-66791FC78C24} = {D4CF591F-553D-4278-AEE6-C92CA4727940}
		{D65B85E4-C56D-44A0-B71D-F8B075C1A442} = {D4CF591F-553D-4278-AEE6-C92CA4727940}
		{C006427F-6CB0-4834-8DD9-5EB3B914862F} = {7FEA5862-B562-46F6-A6DD-A4CD7F71E0C9}
		{FAAB3EA8-7B72-47A7-95F0-23CB1DC9A44F} = {8E2FB636-BC48-45C2-BF61-D6B7AB4EA6BB}
		{331BFF5B-210E-4197-9B24-A42A52253677} = {FAAB3EA8-7B72-47A7-95F0-23CB1DC9A44F}
		{49741E1F-4B5B-45F3-A603-362B87DD5DAD} = {FAAB3EA8-7B72-47A7-95F0-23CB1DC9A44F}
		{2E53869F-11FE-4E19-8207-8E359B61D720} = {FAAB3EA8-7B72-47A7-95F0-23CB1DC9A44F}
		{9E707C90-4AD5-474C-8061-4C4C623520B8} = {ABD962F7-07BE-4BF9-8565-8D05442A0465}
		{32827B1B-4A83-4E4F-8BA7-FA994A76DD76} = {ABD962F7-07BE-4BF9-8565-8D05442A0465}
		{36F677C2-981C-43BC-96A8-6545B686415E} = {1E6644FE-4EE1-44F6-A712-1AB0242619EE}
		{B750000F-A60F-4401-B8FE-43C79586E271} = {1E6644FE-4EE1-44F6-A712-1AB0242619EE}
		{3FD8A0CF-40C8-4CDC-82FF-D8248A373BE5} = {1E6644FE-4EE1-44F6-A712-1AB0242619EE}
	EndGlobalSection
EndGlobal
